
Microsoft Visual Studio Solution File, Format Version 12.00
# Visual Studio Version 17
VisualStudioVersion = 17.8.34219.65
MinimumVisualStudioVersion = 10.0.40219.1
Project("{FAE04EC0-301F-11D3-BF4B-00C04F79EFBC}") = "Magic_VillaAPI", "Magic_VillaAPI\Magic_VillaAPI.csproj", "{620FEDEE-E730-42CB-9E24-8B55A5DF7861}"
EndProject
Global
	GlobalSection(SolutionConfigurationPlatforms) = preSolution
		Debug|Any CPU = Debug|Any CPU
		Release|Any CPU = Release|Any CPU
	EndGlobalSection
	GlobalSection(ProjectConfigurationPlatforms) = postSolution
		{620FEDEE-E730-42CB-9E24-8B55A5DF7861}.Debug|Any CPU.ActiveCfg = Debug|Any CPU
		{620FEDEE-E730-42CB-9E24-8B55A5DF7861}.Debug|Any CPU.Build.0 = Debug|Any CPU
		{620FEDEE-E730-42CB-9E24-8B55A5DF7861}.Release|Any CPU.ActiveCfg = Release|Any CPU
		{620FEDEE-E730-42CB-9E24-8B55A5DF7861}.Release|Any CPU.Build.0 = Release|Any CPU
	EndGlobalSection
	GlobalSection(SolutionProperties) = preSolution
		HideSolutionNode = FALSE
	EndGlobalSection
	GlobalSection(ExtensibilityGlobals) = postSolution
		SolutionGuid = {9F31EF86-974A-4485-B0DF-ACB454F2654B}
	EndGlobalSection
EndGlobal
